{
  "requires": true,
  "lockfileVersion": 1,
  "dependencies": {
    "@vue/devtools-api": {
      "version": "6.0.0-beta.21.1",
      "resolved": "https://registry.npmjs.org/@vue/devtools-api/-/devtools-api-6.0.0-beta.21.1.tgz",
      "integrity": "sha512-FqC4s3pm35qGVeXRGOjTsRzlkJjrBLriDS9YXbflHLsfA9FrcKzIyWnLXoNm+/7930E8rRakXuAc2QkC50swAw=="
    },
    "pinia": {
      "version": "2.0.11",
      "resolved": "https://registry.npmjs.org/pinia/-/pinia-2.0.11.tgz",
      "integrity": "sha512-JzcmnMqu28PNWOjDgEDK6fTrIzX8eQZKPPKvu/fpHdpXARUj1xeVdFi3YFIMOWswqaBd589cpmAMdSSTryI9iw==",
      "requires": {
        "@vue/devtools-api": "^6.0.0-beta.21",
        "vue-demi": "*"
      }
    },
    "vue-demi": {
      "version": "0.12.1",
      "resolved": "https://registry.npmjs.org/vue-demi/-/vue-demi-0.12.1.tgz",
      "integrity": "sha512-QL3ny+wX8c6Xm1/EZylbgzdoDolye+VpCXRhI2hug9dJTP3OUJ3lmiKN3CsVV3mOJKwFi0nsstbgob0vG7aoIw=="
    }
  }
}
